
Microsoft Visual Studio Solution File, Format Version 12.00
# Visual Studio Version 17
VisualStudioVersion = 17.9.34728.123
MinimumVisualStudioVersion = 10.0.40219.1
Project("{FAE04EC0-301F-11D3-BF4B-00C04F79EFBC}") = "Builder", "Builder\Builder.csproj", "{166A6BAD-BFA4-40D4-BEBF-C6B1CF71089C}"
EndProject
Global
	GlobalSection(SolutionConfigurationPlatforms) = preSolution
		Debug|Any CPU = Debug|Any CPU
		Release|Any CPU = Release|Any CPU
	EndGlobalSection
	GlobalSection(ProjectConfigurationPlatforms) = postSolution
		{166A6BAD-BFA4-40D4-BEBF-C6B1CF71089C}.Debug|Any CPU.ActiveCfg = Debug|Any CPU
		{166A6BAD-BFA4-40D4-BEBF-C6B1CF71089C}.Debug|Any CPU.Build.0 = Debug|Any CPU
		{166A6BAD-BFA4-40D4-BEBF-C6B1CF71089C}.Release|Any CPU.ActiveCfg = Release|Any CPU
		{166A6BAD-BFA4-40D4-BEBF-C6B1CF71089C}.Release|Any CPU.Build.0 = Release|Any CPU
	EndGlobalSection
	GlobalSection(SolutionProperties) = preSolution
		HideSolutionNode = FALSE
	EndGlobalSection
	GlobalSection(ExtensibilityGlobals) = postSolution
		SolutionGuid = {04E291B1-068A-4AB1-9F1F-6843A11F9A37}
	EndGlobalSection
EndGlobal
